%{
  "appsignal": {:hex, :appsignal, "2.10.1", "e569ce2403fabf85fa836e86e3199c5d59c189f1f05ba7557689c2cec39e9ad8", [:make, :mix], [{:decimal, "~> 2.0", [hex: :decimal, repo: "hexpm", optional: false]}, {:decorator, "~> 1.2.3 or ~> 1.3", [hex: :decorator, repo: "hexpm", optional: false]}, {:hackney, "~> 1.6", [hex: :hackney, repo: "hexpm", optional: false]}, {:jason, "~> 1.0", [hex: :jason, repo: "hexpm", optional: false]}, {:telemetry, "~> 0.4 or ~> 1.0", [hex: :telemetry, repo: "hexpm", optional: false]}], "hexpm", "f3dde6d418c1e366dadac328675f30e503536eecad7b27168429381ca7f590d6"},
  "appsignal_phoenix": {:hex, :appsignal_phoenix, "2.3.7", "f58e9bc441351179e107c1d4ef25f2f705d0a26d968ae4845fc0b2c40b70e1bb", [:mix], [{:appsignal, ">= 2.7.6 and < 3.0.0", [hex: :appsignal, repo: "hexpm", optional: false]}, {:appsignal_plug, ">= 2.0.15 and < 3.0.0", [hex: :appsignal_plug, repo: "hexpm", optional: false]}, {:hackney, "~> 1.6", [hex: :hackney, repo: "hexpm", optional: false]}, {:phoenix, "~> 1.4", [hex: :phoenix, repo: "hexpm", optional: false]}, {:phoenix_html, "~> 2.11 or ~> 3.0 or ~> 4.0", [hex: :phoenix_html, repo: "hexpm", optional: true]}, {:phoenix_live_view, "~> 0.9", [hex: :phoenix_live_view, repo: "hexpm", optional: true]}, {:telemetry, "~> 0.4 or ~> 1.0", [hex: :telemetry, repo: "hexpm", optional: false]}], "hexpm", "9ac31df80540a5fe6e4d419d9698e08eb50579e585186d87fb4e445cd92dac0c"},
  "appsignal_plug": {:hex, :appsignal_plug, "2.0.15", "758a8a78944878e8461bbc77ca86219121a56f4299c6d79940ab083cf9afea00", [:mix], [{:appsignal, ">= 2.7.6 and < 3.0.0", [hex: :appsignal, repo: "hexpm", optional: false]}, {:plug, ">= 1.1.0", [hex: :plug, repo: "hexpm", optional: false]}, {:telemetry, "~> 0.4 or ~> 1.0", [hex: :telemetry, repo: "hexpm", optional: false]}], "hexpm", "1c6059049e2081e808aaef04e2b9917e06277f61a35a0e103db860d08cbc41f1"},
  "bunt": {:hex, :bunt, "1.0.0", "081c2c665f086849e6d57900292b3a161727ab40431219529f13c4ddcf3e7a44", [:mix], [], "hexpm", "dc5f86aa08a5f6fa6b8096f0735c4e76d54ae5c9fa2c143e5a1fc7c1cd9bb6b5"},
  "castore": {:hex, :castore, "1.0.7", "b651241514e5f6956028147fe6637f7ac13802537e895a724f90bf3e36ddd1dd", [:mix], [], "hexpm", "da7785a4b0d2a021cd1292a60875a784b6caef71e76bf4917bdee1f390455cf5"},
  "certifi": {:hex, :certifi, "2.12.0", "2d1cca2ec95f59643862af91f001478c9863c2ac9cb6e2f89780bfd8de987329", [:rebar3], [], "hexpm", "ee68d85df22e554040cdb4be100f33873ac6051387baf6a8f6ce82272340ff1c"},
  "cowboy": {:hex, :cowboy, "2.12.0", "f276d521a1ff88b2b9b4c54d0e753da6c66dd7be6c9fca3d9418b561828a3731", [:make, :rebar3], [{:cowlib, "2.13.0", [hex: :cowlib, repo: "hexpm", optional: false]}, {:ranch, "1.8.0", [hex: :ranch, repo: "hexpm", optional: false]}], "hexpm", "8a7abe6d183372ceb21caa2709bec928ab2b72e18a3911aa1771639bef82651e"},
  "cowboy_telemetry": {:hex, :cowboy_telemetry, "0.4.0", "f239f68b588efa7707abce16a84d0d2acf3a0f50571f8bb7f56a15865aae820c", [:rebar3], [{:cowboy, "~> 2.7", [hex: :cowboy, repo: "hexpm", optional: false]}, {:telemetry, "~> 1.0", [hex: :telemetry, repo: "hexpm", optional: false]}], "hexpm", "7d98bac1ee4565d31b62d59f8823dfd8356a169e7fcbb83831b8a5397404c9de"},
  "cowlib": {:hex, :cowlib, "2.13.0", "db8f7505d8332d98ef50a3ef34b34c1afddec7506e4ee4dd4a3a266285d282ca", [:make, :rebar3], [], "hexpm", "e1e1284dc3fc030a64b1ad0d8382ae7e99da46c3246b815318a4b848873800a4"},
  "credo": {:hex, :credo, "1.7.7", "771445037228f763f9b2afd612b6aa2fd8e28432a95dbbc60d8e03ce71ba4446", [:mix], [{:bunt, "~> 0.2.1 or ~> 1.0", [hex: :bunt, repo: "hexpm", optional: false]}, {:file_system, "~> 0.2 or ~> 1.0", [hex: :file_system, repo: "hexpm", optional: false]}, {:jason, "~> 1.0", [hex: :jason, repo: "hexpm", optional: false]}], "hexpm", "8bc87496c9aaacdc3f90f01b7b0582467b69b4bd2441fe8aae3109d843cc2f2e"},
  "decimal": {:hex, :decimal, "2.1.1", "5611dca5d4b2c3dd497dec8f68751f1f1a54755e8ed2a966c2633cf885973ad6", [:mix], [], "hexpm", "53cfe5f497ed0e7771ae1a475575603d77425099ba5faef9394932b35020ffcc"},
  "decorator": {:hex, :decorator, "1.4.0", "a57ac32c823ea7e4e67f5af56412d12b33274661bb7640ec7fc882f8d23ac419", [:mix], [], "hexpm", "0a07cedd9083da875c7418dea95b78361197cf2bf3211d743f6f7ce39656597f"},
  "dialyxir": {:hex, :dialyxir, "1.4.3", "edd0124f358f0b9e95bfe53a9fcf806d615d8f838e2202a9f430d59566b6b53b", [:mix], [{:erlex, ">= 0.2.6", [hex: :erlex, repo: "hexpm", optional: false]}], "hexpm", "bf2cfb75cd5c5006bec30141b131663299c661a864ec7fbbc72dfa557487a986"},
  "doctest_formatter": {:hex, :doctest_formatter, "0.3.0", "19da9fd0d9d1e895f86d7508f1962d8a16393277f73aba1066dddb3d2adcdfc8", [:mix], [], "hexpm", "485f4dab4fc65ecf18aa342d285b393db16814d828caa671c42f9f781b68cf5a"},
  "earmark_parser": {:hex, :earmark_parser, "1.4.39", "424642f8335b05bb9eb611aa1564c148a8ee35c9c8a8bba6e129d51a3e3c6769", [:mix], [], "hexpm", "06553a88d1f1846da9ef066b87b57c6f605552cfbe40d20bd8d59cc6bde41944"},
  "erlex": {:hex, :erlex, "0.2.7", "810e8725f96ab74d17aac676e748627a07bc87eb950d2b83acd29dc047a30595", [:mix], [], "hexpm", "3ed95f79d1a844c3f6bf0cea61e0d5612a42ce56da9c03f01df538685365efb0"},
  "esbuild": {:hex, :esbuild, "0.5.0", "d5bb08ff049d7880ee3609ed5c4b864bd2f46445ea40b16b4acead724fb4c4a3", [:mix], [{:castore, ">= 0.0.0", [hex: :castore, repo: "hexpm", optional: false]}], "hexpm", "f183a0b332d963c4cfaf585477695ea59eef9a6f2204fdd0efa00e099694ffe5"},
  "ex_doc": {:hex, :ex_doc, "0.34.1", "9751a0419bc15bc7580c73fde506b17b07f6402a1e5243be9e0f05a68c723368", [:mix], [{:earmark_parser, "~> 1.4.39", [hex: :earmark_parser, repo: "hexpm", optional: false]}, {:makeup_c, ">= 0.1.0", [hex: :makeup_c, repo: "hexpm", optional: true]}, {:makeup_elixir, "~> 0.14 or ~> 1.0", [hex: :makeup_elixir, repo: "hexpm", optional: false]}, {:makeup_erlang, "~> 0.1 or ~> 1.0", [hex: :makeup_erlang, repo: "hexpm", optional: false]}, {:makeup_html, ">= 0.1.0", [hex: :makeup_html, repo: "hexpm", optional: true]}], "hexpm", "d441f1a86a235f59088978eff870de2e815e290e44a8bd976fe5d64470a4c9d2"},
  "excoveralls": {:hex, :excoveralls, "0.18.1", "a6f547570c6b24ec13f122a5634833a063aec49218f6fff27de9df693a15588c", [:mix], [{:castore, "~> 1.0", [hex: :castore, repo: "hexpm", optional: true]}, {:jason, "~> 1.0", [hex: :jason, repo: "hexpm", optional: false]}], "hexpm", "d65f79db146bb20399f23046015974de0079668b9abb2f5aac074d078da60b8d"},
  "faker": {:hex, :faker, "0.18.0", "943e479319a22ea4e8e39e8e076b81c02827d9302f3d32726c5bf82f430e6e14", [:mix], [], "hexpm", "bfbdd83958d78e2788e99ec9317c4816e651ad05e24cfd1196ce5db5b3e81797"},
  "file_system": {:hex, :file_system, "0.2.10", "fb082005a9cd1711c05b5248710f8826b02d7d1784e7c3451f9c1231d4fc162d", [:mix], [], "hexpm", "41195edbfb562a593726eda3b3e8b103a309b733ad25f3d642ba49696bf715dc"},
  "floki": {:hex, :floki, "0.34.0", "002d0cc194b48794d74711731db004fafeb328fe676976f160685262d43706a8", [:mix], [], "hexpm", "9c3a9f43f40dde00332a589bd9d389b90c1f518aef500364d00636acc5ebc99c"},
  "gettext": {:hex, :gettext, "0.20.0", "75ad71de05f2ef56991dbae224d35c68b098dd0e26918def5bb45591d5c8d429", [:mix], [], "hexpm", "1c03b177435e93a47441d7f681a7040bd2a816ece9e2666d1c9001035121eb3d"},
  "github_workflows_generator": {:hex, :github_workflows_generator, "0.1.2", "e66b8a6ccea94b3c9b9413c7a00320b7ce5742725bca83dd73a2ebcf3f7df201", [:mix], [], "hexpm", "2d0af117ad2768a129a9e8e72a1b032e423c111ffae88abaeb7c66940f06776d"},
  "hackney": {:hex, :hackney, "1.20.1", "8d97aec62ddddd757d128bfd1df6c5861093419f8f7a4223823537bad5d064e2", [:rebar3], [{:certifi, "~> 2.12.0", [hex: :certifi, repo: "hexpm", optional: false]}, {:idna, "~> 6.1.0", [hex: :idna, repo: "hexpm", optional: false]}, {:metrics, "~> 1.0.0", [hex: :metrics, repo: "hexpm", optional: false]}, {:mimerl, "~> 1.1", [hex: :mimerl, repo: "hexpm", optional: false]}, {:parse_trans, "3.4.1", [hex: :parse_trans, repo: "hexpm", optional: false]}, {:ssl_verify_fun, "~> 1.1.0", [hex: :ssl_verify_fun, repo: "hexpm", optional: false]}, {:unicode_util_compat, "~> 0.7.0", [hex: :unicode_util_compat, repo: "hexpm", optional: false]}], "hexpm", "fe9094e5f1a2a2c0a7d10918fee36bfec0ec2a979994cff8cfe8058cd9af38e3"},
  "heroicons": {:hex, :heroicons, "0.5.1", "cca0dcca07af5f74d8a7d111e40418d3615d65e6773c0ea10e20cef070fd30aa", [:mix], [{:castore, ">= 0.0.0", [hex: :castore, repo: "hexpm", optional: false]}, {:phoenix_live_view, "~> 0.18.2", [hex: :phoenix_live_view, repo: "hexpm", optional: false]}], "hexpm", "4b096d0a1d50e9054df9b12cc637c9f65c3972ff086791d3f2d1846f0653117e"},
  "idna": {:hex, :idna, "6.1.1", "8a63070e9f7d0c62eb9d9fcb360a7de382448200fbbd1b106cc96d3d8099df8d", [:rebar3], [{:unicode_util_compat, "~> 0.7.0", [hex: :unicode_util_compat, repo: "hexpm", optional: false]}], "hexpm", "92376eb7894412ed19ac475e4a86f7b413c1b9fbb5bd16dccd57934157944cea"},
  "jason": {:hex, :jason, "1.4.1", "af1504e35f629ddcdd6addb3513c3853991f694921b1b9368b0bd32beb9f1b63", [:mix], [{:decimal, "~> 1.0 or ~> 2.0", [hex: :decimal, repo: "hexpm", optional: true]}], "hexpm", "fbb01ecdfd565b56261302f7e1fcc27c4fb8f32d56eab74db621fc154604a7a1"},
  "makeup": {:hex, :makeup, "1.1.2", "9ba8837913bdf757787e71c1581c21f9d2455f4dd04cfca785c70bbfff1a76a3", [:mix], [{:nimble_parsec, "~> 1.2.2 or ~> 1.3", [hex: :nimble_parsec, repo: "hexpm", optional: false]}], "hexpm", "cce1566b81fbcbd21eca8ffe808f33b221f9eee2cbc7a1706fc3da9ff18e6cac"},
  "makeup_elixir": {:hex, :makeup_elixir, "0.16.2", "627e84b8e8bf22e60a2579dad15067c755531fea049ae26ef1020cad58fe9578", [:mix], [{:makeup, "~> 1.0", [hex: :makeup, repo: "hexpm", optional: false]}, {:nimble_parsec, "~> 1.2.3 or ~> 1.3", [hex: :nimble_parsec, repo: "hexpm", optional: false]}], "hexpm", "41193978704763f6bbe6cc2758b84909e62984c7752b3784bd3c218bb341706b"},
  "makeup_erlang": {:hex, :makeup_erlang, "1.0.0", "6f0eff9c9c489f26b69b61440bf1b238d95badae49adac77973cbacae87e3c2e", [:mix], [{:makeup, "~> 1.0", [hex: :makeup, repo: "hexpm", optional: false]}], "hexpm", "ea7a9307de9d1548d2a72d299058d1fd2339e3d398560a0e46c27dab4891e4d2"},
  "metrics": {:hex, :metrics, "1.0.1", "25f094dea2cda98213cecc3aeff09e940299d950904393b2a29d191c346a8486", [:rebar3], [], "hexpm", "69b09adddc4f74a40716ae54d140f93beb0fb8978d8636eaded0c31b6f099f16"},
  "mime": {:hex, :mime, "2.0.5", "dc34c8efd439abe6ae0343edbb8556f4d63f178594894720607772a041b04b02", [:mix], [], "hexpm", "da0d64a365c45bc9935cc5c8a7fc5e49a0e0f9932a761c55d6c52b142780a05c"},
  "mimerl": {:hex, :mimerl, "1.3.0", "d0cd9fc04b9061f82490f6581e0128379830e78535e017f7780f37fea7545726", [:rebar3], [], "hexpm", "a1e15a50d1887217de95f0b9b0793e32853f7c258a5cd227650889b38839fe9d"},
  "mix_audit": {:hex, :mix_audit, "2.1.0", "3c0dafb29114dffcdb508164a3d35311a9ac2c5baeba6495c9cd5315c25902b9", [:make, :mix], [{:jason, "~> 1.1", [hex: :jason, repo: "hexpm", optional: false]}, {:yaml_elixir, "~> 2.9", [hex: :yaml_elixir, repo: "hexpm", optional: false]}], "hexpm", "14c57a23e0a5f652c1e7f6e8dab93f166f66d63bd0c85f97278f5972b14e2be0"},
  "nimble_parsec": {:hex, :nimble_parsec, "1.4.0", "51f9b613ea62cfa97b25ccc2c1b4216e81df970acd8e16e8d1bdc58fef21370d", [:mix], [], "hexpm", "9c565862810fb383e9838c1dd2d7d2c437b3d13b267414ba6af33e50d2d1cf28"},
  "parse_trans": {:hex, :parse_trans, "3.4.1", "6e6aa8167cb44cc8f39441d05193be6e6f4e7c2946cb2759f015f8c56b76e5ff", [:rebar3], [], "hexpm", "620a406ce75dada827b82e453c19cf06776be266f5a67cff34e1ef2cbb60e49a"},
  "phoenix": {:hex, :phoenix, "1.7.12", "1cc589e0eab99f593a8aa38ec45f15d25297dd6187ee801c8de8947090b5a9d3", [:mix], [{:castore, ">= 0.0.0", [hex: :castore, repo: "hexpm", optional: false]}, {:jason, "~> 1.0", [hex: :jason, repo: "hexpm", optional: true]}, {:phoenix_pubsub, "~> 2.1", [hex: :phoenix_pubsub, repo: "hexpm", optional: false]}, {:phoenix_template, "~> 1.0", [hex: :phoenix_template, repo: "hexpm", optional: false]}, {:phoenix_view, "~> 2.0", [hex: :phoenix_view, repo: "hexpm", optional: true]}, {:plug, "~> 1.14", [hex: :plug, repo: "hexpm", optional: false]}, {:plug_cowboy, "~> 2.7", [hex: :plug_cowboy, repo: "hexpm", optional: true]}, {:plug_crypto, "~> 1.2 or ~> 2.0", [hex: :plug_crypto, repo: "hexpm", optional: false]}, {:telemetry, "~> 0.4 or ~> 1.0", [hex: :telemetry, repo: "hexpm", optional: false]}, {:websock_adapter, "~> 0.5.3", [hex: :websock_adapter, repo: "hexpm", optional: false]}], "hexpm", "d646192fbade9f485b01bc9920c139bfdd19d0f8df3d73fd8eaf2dfbe0d2837c"},
  "phoenix_html": {:hex, :phoenix_html, "3.3.3", "380b8fb45912b5638d2f1d925a3771b4516b9a78587249cabe394e0a5d579dc9", [:mix], [{:plug, "~> 1.5", [hex: :plug, repo: "hexpm", optional: true]}], "hexpm", "923ebe6fec6e2e3b3e569dfbdc6560de932cd54b000ada0208b5f45024bdd76c"},
  "phoenix_live_dashboard": {:hex, :phoenix_live_dashboard, "0.7.2", "97cc4ff2dba1ebe504db72cb45098cb8e91f11160528b980bd282cc45c73b29c", [:mix], [{:ecto, "~> 3.6.2 or ~> 3.7", [hex: :ecto, repo: "hexpm", optional: true]}, {:ecto_mysql_extras, "~> 0.5", [hex: :ecto_mysql_extras, repo: "hexpm", optional: true]}, {:ecto_psql_extras, "~> 0.7", [hex: :ecto_psql_extras, repo: "hexpm", optional: true]}, {:mime, "~> 1.6 or ~> 2.0", [hex: :mime, repo: "hexpm", optional: false]}, {:phoenix_live_view, "~> 0.18.3", [hex: :phoenix_live_view, repo: "hexpm", optional: false]}, {:telemetry_metrics, "~> 0.6 or ~> 1.0", [hex: :telemetry_metrics, repo: "hexpm", optional: false]}], "hexpm", "0e5fdf063c7a3b620c566a30fcf68b7ee02e5e46fe48ee46a6ec3ba382dc05b7"},
  "phoenix_live_reload": {:hex, :phoenix_live_reload, "1.4.1", "2aff698f5e47369decde4357ba91fc9c37c6487a512b41732818f2204a8ef1d3", [:mix], [{:file_system, "~> 0.2.1 or ~> 0.3", [hex: :file_system, repo: "hexpm", optional: false]}, {:phoenix, "~> 1.4", [hex: :phoenix, repo: "hexpm", optional: false]}], "hexpm", "9bffb834e7ddf08467fe54ae58b5785507aaba6255568ae22b4d46e2bb3615ab"},
  "phoenix_live_view": {:hex, :phoenix_live_view, "0.18.18", "1f38fbd7c363723f19aad1a04b5490ff3a178e37daaf6999594d5f34796c47fc", [:mix], [{:jason, "~> 1.0", [hex: :jason, repo: "hexpm", optional: true]}, {:phoenix, "~> 1.6.15 or ~> 1.7.0", [hex: :phoenix, repo: "hexpm", optional: false]}, {:phoenix_html, "~> 3.3", [hex: :phoenix_html, repo: "hexpm", optional: false]}, {:phoenix_template, "~> 1.0", [hex: :phoenix_template, repo: "hexpm", optional: false]}, {:phoenix_view, "~> 2.0", [hex: :phoenix_view, repo: "hexpm", optional: true]}, {:telemetry, "~> 0.4.2 or ~> 1.0", [hex: :telemetry, repo: "hexpm", optional: false]}], "hexpm", "a5810d0472f3189ede6d2a95bda7f31c6113156b91784a3426cb0ab6a6d85214"},
  "phoenix_pubsub": {:hex, :phoenix_pubsub, "2.1.3", "3168d78ba41835aecad272d5e8cd51aa87a7ac9eb836eabc42f6e57538e3731d", [:mix], [], "hexpm", "bba06bc1dcfd8cb086759f0edc94a8ba2bc8896d5331a1e2c2902bf8e36ee502"},
  "phoenix_template": {:hex, :phoenix_template, "1.0.4", "e2092c132f3b5e5b2d49c96695342eb36d0ed514c5b252a77048d5969330d639", [:mix], [{:phoenix_html, "~> 2.14.2 or ~> 3.0 or ~> 4.0", [hex: :phoenix_html, repo: "hexpm", optional: true]}], "hexpm", "2c0c81f0e5c6753faf5cca2f229c9709919aba34fab866d3bc05060c9c444206"},
  "plug": {:hex, :plug, "1.15.3", "712976f504418f6dff0a3e554c40d705a9bcf89a7ccef92fc6a5ef8f16a30a97", [:mix], [{:mime, "~> 1.0 or ~> 2.0", [hex: :mime, repo: "hexpm", optional: false]}, {:plug_crypto, "~> 1.1.1 or ~> 1.2 or ~> 2.0", [hex: :plug_crypto, repo: "hexpm", optional: false]}, {:telemetry, "~> 0.4.3 or ~> 1.0", [hex: :telemetry, repo: "hexpm", optional: false]}], "hexpm", "cc4365a3c010a56af402e0809208873d113e9c38c401cabd88027ef4f5c01fd2"},
  "plug_cowboy": {:hex, :plug_cowboy, "2.7.1", "87677ffe3b765bc96a89be7960f81703223fe2e21efa42c125fcd0127dd9d6b2", [:mix], [{:cowboy, "~> 2.7", [hex: :cowboy, repo: "hexpm", optional: false]}, {:cowboy_telemetry, "~> 0.3", [hex: :cowboy_telemetry, repo: "hexpm", optional: false]}, {:plug, "~> 1.14", [hex: :plug, repo: "hexpm", optional: false]}], "hexpm", "02dbd5f9ab571b864ae39418db7811618506256f6d13b4a45037e5fe78dc5de3"},
  "plug_crypto": {:hex, :plug_crypto, "2.0.0", "77515cc10af06645abbfb5e6ad7a3e9714f805ae118fa1a70205f80d2d70fe73", [:mix], [], "hexpm", "53695bae57cc4e54566d993eb01074e4d894b65a3766f1c43e2c61a1b0f45ea9"},
  "ranch": {:hex, :ranch, "1.8.0", "8c7a100a139fd57f17327b6413e4167ac559fbc04ca7448e9be9057311597a1d", [:make, :rebar3], [], "hexpm", "49fbcfd3682fab1f5d109351b61257676da1a2fdbe295904176d5e521a2ddfe5"},
  "sobelow": {:hex, :sobelow, "0.13.0", "218afe9075904793f5c64b8837cc356e493d88fddde126a463839351870b8d1e", [:mix], [{:jason, "~> 1.0", [hex: :jason, repo: "hexpm", optional: false]}], "hexpm", "cd6e9026b85fc35d7529da14f95e85a078d9dd1907a9097b3ba6ac7ebbe34a0d"},
  "ssl_verify_fun": {:hex, :ssl_verify_fun, "1.1.7", "354c321cf377240c7b8716899e182ce4890c5938111a1296add3ec74cf1715df", [:make, :mix, :rebar3], [], "hexpm", "fe4c190e8f37401d30167c8c405eda19469f34577987c76dde613e838bbc67f8"},
  "tailwind": {:hex, :tailwind, "0.1.9", "25ba09d42f7bfabe170eb67683a76d6ec2061952dc9bd263a52a99ba3d24bd4d", [:mix], [{:castore, ">= 0.0.0", [hex: :castore, repo: "hexpm", optional: false]}], "hexpm", "9213f87709c458aaec313bb5f2df2b4d2cedc2b630e4ae821bf3c54c47a56d0b"},
  "telemetry": {:hex, :telemetry, "1.2.1", "68fdfe8d8f05a8428483a97d7aab2f268aaff24b49e0f599faa091f1d4e7f61c", [:rebar3], [], "hexpm", "dad9ce9d8effc621708f99eac538ef1cbe05d6a874dd741de2e689c47feafed5"},
  "telemetry_metrics": {:hex, :telemetry_metrics, "0.6.1", "315d9163a1d4660aedc3fee73f33f1d355dcc76c5c3ab3d59e76e3edf80eef1f", [:mix], [{:telemetry, "~> 0.4 or ~> 1.0", [hex: :telemetry, repo: "hexpm", optional: false]}], "hexpm", "7be9e0871c41732c233be71e4be11b96e56177bf15dde64a8ac9ce72ac9834c6"},
  "telemetry_poller": {:hex, :telemetry_poller, "1.0.0", "db91bb424e07f2bb6e73926fcafbfcbcb295f0193e0a00e825e589a0a47e8453", [:rebar3], [{:telemetry, "~> 1.0", [hex: :telemetry, repo: "hexpm", optional: false]}], "hexpm", "b3a24eafd66c3f42da30fc3ca7dda1e9d546c12250a2d60d7b81d264fbec4f6e"},
  "ua_parser": {:hex, :ua_parser, "1.9.1", "68a7bbeb9865d118cb27cd63f6eae1c084b930a38b46f31861e1e3eed525396c", [:mix], [{:yamerl, "~> 0.8", [hex: :yamerl, repo: "hexpm", optional: false]}], "hexpm", "b9f56d722a999b1940e8e9b17a84e23ead0525cf32250bb333afad89ca73fe46"},
  "unicode_util_compat": {:hex, :unicode_util_compat, "0.7.0", "bc84380c9ab48177092f43ac89e4dfa2c6d62b40b8bd132b1059ecc7232f9a78", [:rebar3], [], "hexpm", "25eee6d67df61960cf6a794239566599b09e17e668d3700247bc498638152521"},
  "websock": {:hex, :websock, "0.5.3", "2f69a6ebe810328555b6fe5c831a851f485e303a7c8ce6c5f675abeb20ebdadc", [:mix], [], "hexpm", "6105453d7fac22c712ad66fab1d45abdf049868f253cf719b625151460b8b453"},
  "websock_adapter": {:hex, :websock_adapter, "0.5.6", "0437fe56e093fd4ac422de33bf8fc89f7bc1416a3f2d732d8b2c8fd54792fe60", [:mix], [{:bandit, ">= 0.6.0", [hex: :bandit, repo: "hexpm", optional: true]}, {:plug, "~> 1.14", [hex: :plug, repo: "hexpm", optional: false]}, {:plug_cowboy, "~> 2.6", [hex: :plug_cowboy, repo: "hexpm", optional: true]}, {:websock, "~> 0.5", [hex: :websock, repo: "hexpm", optional: false]}], "hexpm", "e04378d26b0af627817ae84c92083b7e97aca3121196679b73c73b99d0d133ea"},
  "yamerl": {:hex, :yamerl, "0.10.0", "4ff81fee2f1f6a46f1700c0d880b24d193ddb74bd14ef42cb0bcf46e81ef2f8e", [:rebar3], [], "hexpm", "346adb2963f1051dc837a2364e4acf6eb7d80097c0f53cbdc3046ec8ec4b4e6e"},
  "yaml_elixir": {:hex, :yaml_elixir, "2.9.0", "9a256da867b37b8d2c1ffd5d9de373a4fda77a32a45b452f1708508ba7bbcb53", [:mix], [{:yamerl, "~> 0.10", [hex: :yamerl, repo: "hexpm", optional: false]}], "hexpm", "0cb0e7d4c56f5e99a6253ed1a670ed0e39c13fc45a6da054033928607ac08dfc"},
}
